lockfileVersion: '9.0'

settings:
  autoInstallPeers: true
  excludeLinksFromLockfile: false

importers:

  .:
    dependencies:
      '@iobroker/adapter-core':
        specifier: ^3.4.3
        version: 3.4.3(@iobroker/js-controller-common-db@7.2.2)(@iobroker/types@7.2.2)
      express:
        specifier: ^5.1.0
        version: 5.2.1

packages:

  '@alcalzone/pak@0.11.0':
    resolution: {integrity: sha512-S6s2Xug8VJ04Xgam7kV+dUydVB2gJmTem+Kr7oxneeXndWddgoQxphQNI9WqgpsifTkonC9wiAbj3qkMFlNeAA==}

  '@colors/colors@1.6.0':
    resolution: {integrity: sha512-Ir+AOibqzrIsL6ajt3Rz3LskB7OiMVHqltZmspbW/TJuTVuyOMirVqAkjfY6JISiLHgyNqicAC8AyHHGzNd/dA==}
    engines: {node: '>=0.1.90'}

  '@dabh/diagnostics@2.0.8':
    resolution: {integrity: sha512-R4MSXTVnuMzGD7bzHdW2ZhhdPC/igELENcq5IjEverBvq5hn1SXCWcsi6eSsdWP0/Ur+SItRRjAktmdoX/8R/Q==}

  '@datalust/winston-seq@1.0.2':
    resolution: {integrity: sha512-TxmBkN/26j+8rC/yshm9t29DKSPN69cQuGyvRmufvhPQIU2SnDlQLZmEGsPL3vQYWoBTTgu7+foYs+HmgeOl/g==}
    peerDependencies:
      winston: ^3.0.0

  '@iobroker/adapter-core@3.4.3':
    resolution: {integrity: sha512-6pFFcWsiZY966xmdeORTkhs1MMtuNSfdab6XxmKRWOO3RXWN8vWIh1vvgnFhttrF7+56ykE4iDr4rgjdEWCtog==}
    engines: {node: '>=18'}
    peerDependencies:
      '@iobroker/js-controller-common-db': '>=7.2.2'
      '@iobroker/types': '>=6.0.11'

  '@iobroker/js-controller-common-db@7.2.2':
    resolution: {integrity: sha512-RDa2jKZ7+uLLMpopN3EELQgOnGYHl//4qR0A+atGdj7k3ocH+4cCnurQ+NIB3Ihv7x7Ul3ewVpUQp90qMZXZog==}
    engines: {node: '>=18.0.0'}

  '@iobroker/types@7.2.2':
    resolution: {integrity: sha512-GR+sp+4DUZmuV3EpSJchTlJ6fqjHVEJJ/IQlMDc4j/oRENkSV5UTpRFxcDL5oy+Dj1+urdNUgHJdOzMzbV06Tw==}
    engines: {node: '>=12.0.0'}

  '@so-ric/colorspace@1.1.6':
    resolution: {integrity: sha512-/KiKkpHNOBgkFJwu9sh48LkHSMYGyuTcSFK/qMBdnOAlrRJzRSXAOFB5qwzaVQuDl8wAvHVMkaASQDReTahxuw==}

  '@types/triple-beam@1.3.5':
    resolution: {integrity: sha512-6WaYesThRMCl19iryMYP7/x2OVgCtbIVflDGFpWnb9irXI3UjYE4AzmYuiUKY1AJstGijoY+MgUszMgRxIYTYw==}

  accepts@2.0.0:
    resolution: {integrity: sha512-5cvg6CtKwfgdmVqY1WIiXKc3Q1bkRqGLi+2W/6ao+6Y7gu/RCwRuAhGEzh5B4KlszSuTLgZYuqFqo5bImjNKng==}
    engines: {node: '>= 0.6'}

  agent-base@6.0.2:
    resolution: {integrity: sha512-RZNwNclF7+MS/8bDg70amg32dyeZGZxiDuQmZxKLAlQjr3jGyLx+4Kkk58UO7D2QdgFIQCovuSuZESne6RG6XQ==}
    engines: {node: '>= 6.0.0'}

  async@3.2.6:
    resolution: {integrity: sha512-htCUDlxyyCLMgaM3xXg0C0LW2xqfuQ6p05pCEIsXuyQ+a1koYKTuBMzRNwmybfLgvJDMd0r1LTn4+E0Ti6C2AA==}

  asynckit@0.4.0:
    resolution: {integrity: sha512-Oei9OH4tRh0YqU3GxhX79dM/mwVgvbZJaSNaRk+bshkj0S5cfHcgYakreBjrHwatXKbz+IoIdYLxrKim2MjW0Q==}

  axios@1.18.1:
    resolution: {integrity: sha512-3nTvFlvpn9Zu/RkHUqtc7/+al4UpRW5az71ap5zccp6e8RAYEzhMTecX8Dz1wWDYrPpUoB1HAQEGEAEvUr7S9g==}

  bindings@1.5.0:
    resolution: {integrity: sha512-p2q/t/mhvuOj/UeLlV6566GD/guowlr0hHxClI0W9m7MWYkL1F0hLo+0Aexs9HSPCtR1SXQ0TD3MMKrXZajbiQ==}

  body-parser@2.3.0:
    resolution: {integrity: sha512-2cGmJupaNgg+QUwVLAucDuWuoMZ6EX9iHDRswZ5lsNYEmwPaRknMPCLZz07yTzVq/83p4o/wzbDZbBrTvGGTIw==}
    engines: {node: '>=18'}

  buffer-equal-constant-time@1.0.1:
    resolution: {integrity: sha512-zRpUiDwd/xk6ADqPMATG8vc9VPrkck7T07OIx0gnjmJAnHnTVXNQG3vfvWNuiZIkwu9KrKdA1iJKfsfTVxE6NA==}

  bytes@3.1.2:
    resolution: {integrity: sha512-/Nf7TyzTx6S3yRJObOAV7956r8cr2+Oj8AC5dt8wSP3BQAoeX58NoHyCU8P8zGkNXStjTSi6fzO6F0pBdcYbEg==}
    engines: {node: '>= 0.8'}

  call-bind-apply-helpers@1.0.2:
    resolution: {integrity: sha512-Sp1ablJ0ivDkSzjcaJdxEunN5/XvksFJ2sMBFfq6x0ryhQV/2b/KwFe21cMpmHtPOSij8K99/wSfoEuTObmuMQ==}
    engines: {node: '>= 0.4'}

  call-bound@1.0.4:
    resolution: {integrity: sha512-+ys997U96po4Kx/ABpBCqhA9EuxJaQWDQg7295H4hBphv3IZg0boBKuwYpt4YXp6MZ5AmZQnU/tyMTlRpaSejg==}
    engines: {node: '>= 0.4'}

  ci-info@3.9.0:
    resolution: {integrity: sha512-NIxF55hv4nSqQswkAeiOi1r83xy8JldOFDTWiug55KBu9Jnblncd2U6ViHmYgHf01TPZS77NJBhBMKdWj9HQMQ==}
    engines: {node: '>=8'}

  color-convert@3.1.3:
    resolution: {integrity: sha512-fasDH2ont2GqF5HpyO4w0+BcewlhHEZOFn9c1ckZdHpJ56Qb7MHhH/IcJZbBGgvdtwdwNbLvxiBEdg336iA9Sg==}
    engines: {node: '>=14.6'}

  color-name@2.1.0:
    resolution: {integrity: sha512-1bPaDNFm0axzE4MEAzKPuqKWeRaT43U/hyxKPBdqTfmPF+d6n7FSoTFxLVULUJOmiLp01KjhIPPH+HrXZJN4Rg==}
    engines: {node: '>=12.20'}

  color-string@2.1.4:
    resolution: {integrity: sha512-Bb6Cq8oq0IjDOe8wJmi4JeNn763Xs9cfrBcaylK1tPypWzyoy2G3l90v9k64kjphl/ZJjPIShFztenRomi8WTg==}
    engines: {node: '>=18'}

  color@5.0.3:
    resolution: {integrity: sha512-ezmVcLR3xAVp8kYOm4GS45ZLLgIE6SPAFoduLr6hTDajwb3KZ2F46gulK3XpcwRFb5KKGCSezCBAY4Dw4HsyXA==}
    engines: {node: '>=18'}

  combined-stream@1.0.8:
    resolution: {integrity: sha512-FQN4MRfuJeHf7cBbBMJFXhKSDq+2kAArBlmRBvcvFE5BB1HZKXtSFASDhdlz9zOYwxh8lDdnvmMOe/+5cdoEdg==}
    engines: {node: '>= 0.8'}

  content-disposition@1.1.0:
    resolution: {integrity: sha512-5jRCH9Z/+DRP7rkvY83B+yGIGX96OYdJmzngqnw2SBSxqCFPd0w2km3s5iawpGX8krnwSGmF0FW5Nhr0Hfai3g==}
    engines: {node: '>=18'}

  content-type@1.0.5:
    resolution: {integrity: sha512-nTjqfcBFEipKdXCv4YDQWCfmcLZKm81ldF0pAopTvyrFGVbcR6P/VAAd5G7N+0tTr8QqiU0tFadD6FK4NtJwOA==}
    engines: {node: '>= 0.6'}

  content-type@2.0.0:
    resolution: {integrity: sha512-j/O/d7GcZCyNl7/hwZAb606rzqkyvaDctLmckbxLzHvFBzTJHuGEdodATcP3yIRoDrLHkIATJuvzbFlp/ki2cQ==}
    engines: {node: '>=18'}

  cookie-signature@1.2.2:
    resolution: {integrity: sha512-D76uU73ulSXrD1UXF4KE2TMxVVwhsnCgfAyTg9k8P6KGZjlXKrOLe4dJQKI3Bxi5wjesZoFXJWElNWBjPZMbhg==}
    engines: {node: '>=6.6.0'}

  cookie@0.7.2:
    resolution: {integrity: sha512-yki5XnKuf750l50uGTllt6kKILY4nQ1eNIQatoXEByZ5dWgnKqbnqmTrBE5B4N7lrMJKQ2ytWMiTO2o0v6Ew/w==}
    engines: {node: '>= 0.6'}

  cross-spawn@7.0.6:
    resolution: {integrity: sha512-uV2QOWP2nWzsy2aMp8aRibhi9dlzF5Hgh5SHaB9OiTGEyDTiJJyx0uy51QXdyWbtAHNua4XJzUKca3OzKUd3vA==}
    engines: {node: '>= 8'}

  debug@4.4.3:
    resolution: {integrity: sha512-RGwwWnwQvkVfavKVt22FGLw+xYSdzARwm0ru6DhTVA3umU5hZc28V3kO4stgYryrTlLpuvgI9GiijltAjNbcqA==}
    engines: {node: '>=6.0'}
    peerDependencies:
      supports-color: '*'
    peerDependenciesMeta:
      supports-color:
        optional: true

  deep-clone@3.0.3:
    resolution: {integrity: sha512-6jtXIlCBAwr3GP/7Il52clbIFIKAxg/pnNkL4/sE6+Oqb10MXMtm9LDZV2IAuwdaKV9VBm8hlxAFk9r6pF8XRw==}

  delayed-stream@1.0.0:
    resolution: {integrity: sha512-ZySD7Nf91aLB0RxL4KGrKHBXl7Eds1DAmEdcoVawXnLD7SDhpNgtuII2aAkg7a7QS41jxPSZ17p4VdGnMHk3MQ==}
    engines: {node: '>=0.4.0'}

  depd@2.0.0:
    resolution: {integrity: sha512-g7nH6P6dyDioJogAAGprGpCtVImJhpPk/roCzdb3fIh61/s/nPsfR6onyMwkCAR/OlC3yBC0lESvUoQEAssIrw==}
    engines: {node: '>= 0.8'}

  diskusage@1.2.0:
    resolution: {integrity: sha512-2u3OG3xuf5MFyzc4MctNRUKjjwK+UkovRYdD2ed/NZNZPrt0lqHnLKxGhlFVvAb4/oufIgQG3nWgwmeTbHOvXA==}

  dunder-proto@1.0.1:
    resolution: {integrity: sha512-KIN/nDJBQRcXw0MLVhZE9iQHmG68qAVIBg9CqmUYjmQIhgij9U5MFvrqkUL5FbtyyzZuOeOt0zdeRe4UY7ct+A==}
    engines: {node: '>= 0.4'}

  duplexer@0.1.2:
    resolution: {integrity: sha512-jtD6YG370ZCIi/9GTaJKQxWTZD045+4R4hTk/x1UyoqadyJ9x9CgSi1RlVDQF8U2sxLLSnFkCaMihqljHIWgMg==}

  ecdsa-sig-formatter@1.0.11:
    resolution: {integrity: sha512-nagl3RYrbNv6kQkeJIpt6NJZy8twLB/2vtz6yN9Z4vRKHN4/QZJIEbqohALSgwKdnksuY3k5Addp5lg8sVoVcQ==}

  ee-first@1.1.1:
    resolution: {integrity: sha512-WMwm9LhRUo+WUaRN+vRuETqG89IgZphVSNkdFgeb6sS/E4OrDIN7t48CAewSHXc6C8lefD8KKfr5vY61brQlow==}

  enabled@2.0.0:
    resolution: {integrity: sha512-AKrN98kuwOzMIdAizXGI86UFBoo26CL21UM763y1h/GMSJ4/OHU9k2YlsmBpyScFo/wbLzWQJBMCW4+IO3/+OQ==}

  encodeurl@2.0.0:
    resolution: {integrity: sha512-Q0n9HRi4m6JuGIV1eFlmvJB7ZEVxu93IrMyiMsGC0lrMJMWzRgx6WGquyfQgZVb31vhGgXnfmPNNXmxnOkRBrg==}
    engines: {node: '>= 0.8'}

  es-define-property@1.0.1:
    resolution: {integrity: sha512-e3nRfgfUZ4rNGL232gUgX06QNyyez04KdjFrF+LTRoOXmrOgFKDg4BCdsjW8EnT69eqdYGmRpJwiPVYNrCaW3g==}
    engines: {node: '>= 0.4'}

  es-errors@1.3.0:
    resolution: {integrity: sha512-Zf5H2Kxt2xjTvbJvP2ZWLEICxA6j+hAmMzIlypy4xcBg1vKVnx89Wy0GbS+kf5cwCVFFzdCFh2XSCFNULS6csw==}
    engines: {node: '>= 0.4'}

  es-object-atoms@1.1.2:
    resolution: {integrity: sha512-HWcBoN6NileqtSydK2FqHbS/LoDd2pqrnQHLyJzBj4kOp/ky2MWMN694xOfkK8/SnUsW2DH7EfyVlydKCsm1Zw==}
    engines: {node: '>= 0.4'}

  es-set-tostringtag@2.1.0:
    resolution: {integrity: sha512-j6vWzfrGVfyXxge+O0x5sh6cvxAog0a/4Rdd2K36zCMV5eJ+/+tOAngRO8cODMNWbVRdVlmGZQL2YS3yR8bIUA==}
    engines: {node: '>= 0.4'}

  es6-promise@4.2.8:
    resolution: {integrity: sha512-HJDGx5daxeIvxdBxvG2cb9g4tEvwIk3i8+nhX0yGrYmZUzbkdg8QbDevheDB8gd0//uPj4c1EQua8Q+MViT0/w==}

  escape-html@1.0.3:
    resolution: {integrity: sha512-NiSupZ4OeuGwr68lGIeym/ksIZMJodUGOSCZ/FSnTxcrekbvqrgdUxlJOMpijaKZVjAJrWrGs/6Jy8OMuyj9ow==}

  etag@1.8.1:
    resolution: {integrity: sha512-aIL5Fx7mawVa300al2BnEE4iNvo1qETxLrPI/o05L7z6go7fCw1J6EQmbK4FmJ2AS7kgVF/KEZWufBfdClMcPg==}
    engines: {node: '>= 0.6'}

  event-stream@4.0.1:
    resolution: {integrity: sha512-qACXdu/9VHPBzcyhdOWR5/IahhGMf0roTeZJfzz077GwylcDd90yOHLouhmv7GJ5XzPi6ekaQWd8AvPP2nOvpA==}

  execa@5.0.1:
    resolution: {integrity: sha512-4hFTjFbFzQa3aCLobpbPJR/U+VoL1wdV5ozOWjeet0AWDeYr9UFGM1eUFWHX+VtOWFq4p0xXUXfW1YxUaP4fpw==}
    engines: {node: '>=10'}

  express@5.2.1:
    resolution: {integrity: sha512-hIS4idWWai69NezIdRt2xFVofaF4j+6INOpJlVOLDO8zXGpUVEVzIYk12UUi2JzjEzWL3IOAxcTubgz9Po0yXw==}
    engines: {node: '>= 18'}

  fecha@4.2.3:
    resolution: {integrity: sha512-OP2IUU6HeYKJi3i0z4A19kHMQoLVs4Hc+DPqqxI2h/DPZHTm/vjsfC6P0b4jCMy14XizLBqvndQ+UilD7707Jw==}

  file-stream-rotator@0.6.1:
    resolution: {integrity: sha512-u+dBid4PvZw17PmDeRcNOtCP9CCK/9lRN2w+r1xIS7yOL9JFrIBKTvrYsxT4P0pGtThYTn++QS5ChHaUov3+zQ==}

  file-uri-to-path@1.0.0:
    resolution: {integrity: sha512-0Zt+s3L7Vf1biwWZ29aARiVYLx7iMGnEUl9x33fbB/j3jR81u/O2LbqK+Bm1CDSNDKVtJ/YjwY7TUd5SkeLQLw==}

  finalhandler@2.1.1:
    resolution: {integrity: sha512-S8KoZgRZN+a5rNwqTxlZZePjT/4cnm0ROV70LedRHZ0p8u9fRID0hJUZQpkKLzro8LfmC8sx23bY6tVNxv8pQA==}
    engines: {node: '>= 18.0.0'}

  fn.name@1.1.0:
    resolution: {integrity: sha512-GRnmB5gPyJpAhTQdSZTSp9uaPSvl09KoYcMQtsB9rQoOmzs9dH6ffeccH+Z+cv6P68Hu5bC6JjRh4Ah/mHSNRw==}

  follow-redirects@1.16.0:
    resolution: {integrity: sha512-y5rN/uOsadFT/JfYwhxRS5R7Qce+g3zG97+JrtFZlC9klX/W5hD7iiLzScI4nZqUS7DNUdhPgw4xI8W2LuXlUw==}
    engines: {node: '>=4.0'}
    peerDependencies:
      debug: '*'
    peerDependenciesMeta:
      debug:
        optional: true

  form-data@4.0.6:
    resolution: {integrity: sha512-vKatAh4SlVfgbv+YtmhiRjhEMJsYpsG1Y2rMQtR+SVSbytsSD1YGzDIcrAJmdFec88u/+VoGmxnl+80gL1tRCQ==}
    engines: {node: '>= 6'}

  forwarded@0.2.0:
    resolution: {integrity: sha512-buRG0fpBtRHSTCOASe6hD258tEubFoRLb4ZNA6NxMVHNw2gOcwHo9wyablzMzOA5z9xA9L1KNjk/Nt6MT9aYow==}
    engines: {node: '>= 0.6'}

  fresh@2.0.0:
    resolution: {integrity: sha512-Rx/WycZ60HOaqLKAi6cHRKKI7zxWbJ31MhntmtwMoaTeF7XFH9hhBp8vITaMidfljRQ6eYWCKkaTK+ykVJHP2A==}
    engines: {node: '>= 0.8'}

  from@0.1.7:
    resolution: {integrity: sha512-twe20eF1OxVxp/ML/kq2p1uc6KvFK/+vs8WjEbeKmV2He22MKm7YF2ANIt+EOqhJ5L3K/SuuPhk0hWQDjOM23g==}

  fs-extra@10.1.0:
    resolution: {integrity: sha512-oRXApq54ETRj4eMiFzGnHWGy+zo5raudjuxN0b8H7s/RU2oW0Wvsx9O0ACRN/kRq9E8Vu/ReskGB5o3ji+FzHQ==}
    engines: {node: '>=12'}

  fs-extra@11.3.6:
    resolution: {integrity: sha512-w8ZNZr2mKIc7qeNaQ9AVPT1+iFaI+Avd4xudVOvdDJ8VytREi1Ft5Ih7hd9jjehod8vAM5GMsfQ/TpPf4EyoEA==}
    engines: {node: '>=14.14'}

  function-bind@1.1.2:
    resolution: {integrity: sha512-7XHNxH7qX9xG5mIwxkhumTox/MIRNcOgDrxWsMt2pAr23WHp6MrRlN7FBSFpCpr+oVO0F744iUgR82nJMfG2SA==}

  get-intrinsic@1.3.0:
    resolution: {integrity: sha512-9fSjSaos/fRIVIp+xSJlE6lfwhES7LNtKaCBIamHsjr2na1BiABJPo0mOjjz8GJDURarmCPGqaiVg5mfjb98CQ==}
    engines: {node: '>= 0.4'}

  get-proto@1.0.1:
    resolution: {integrity: sha512-sTSfBjoXBp89JvIKIefqw7U2CCebsc74kiY6awiGogKtoSGbgjYE/G/+l9sF3MWFPNc9IcoOC4ODfKHfxFmp0g==}
    engines: {node: '>= 0.4'}

  get-stream@6.0.1:
    resolution: {integrity: sha512-ts6Wi+2j3jQjqi70w5AlN8DFnkSwC+MqmxEzdEALB2qXZYV3X/b1CTfgPLGJNMeAWxdPfU8FO1ms3NUfaHCPYg==}
    engines: {node: '>=10'}

  globalyzer@0.1.0:
    resolution: {integrity: sha512-40oNTM9UfG6aBmuKxk/giHn5nQ8RVz/SS4Ir6zgzOv9/qC3kKZ9v4etGTcJbEl/NyVQH7FGU7d+X1egr57Md2Q==}

  globrex@0.1.2:
    resolution: {integrity: sha512-uHJgbwAMwNFf5mLst7IWLNg14x1CkeqglJb/K3doi4dw6q2IvAAmM/Y81kevy83wP+Sst+nutFTYOGg3d1lsxg==}

  glossy@0.1.7:
    resolution: {integrity: sha512-mTCC51QFadK75MvAhrL5nPVIP291NjML1guo10Sa7Yj04tJU4V++Vgm780NIddg9etQD9D8FM67hFGqM8EE2HQ==}
    engines: {node: '>= 0.2.5'}

  gopd@1.2.0:
    resolution: {integrity: sha512-ZUKRh6/kUFoAiTAtTYPZJ3hw9wNxx+BIBOijnlG9PnrJsCcSjs1wyyD6vJpaYtgnzDrKYRSqf3OO6Rfa93xsRg==}
    engines: {node: '>= 0.4'}

  graceful-fs@4.2.11:
    resolution: {integrity: sha512-RbJ5/jmFcNNCcDV5o9eTnBLJ/HszWV0P73bc+Ff4nS/rJj+YaS6IGyiOL0VoBYX+l1Wrl3k63h/KrH+nhJ0XvQ==}

  has-symbols@1.1.0:
    resolution: {integrity: sha512-1cDNdwJ2Jaohmb3sg4OmKaMBwuC48sYni5HUw2DvsC8LjGTLK9h+eb1X6RyuOHe4hT0ULCW68iomhjUoKUqlPQ==}
    engines: {node: '>= 0.4'}

  has-tostringtag@1.0.2:
    resolution: {integrity: sha512-NqADB8VjPFLM2V0VvHUewwwsw0ZWBaIdgo+ieHtK3hasLz4qeCRjYcqfB6AQrBggRKppKF8L52/VqdVsO47Dlw==}
    engines: {node: '>= 0.4'}

  hasown@2.0.4:
    resolution: {integrity: sha512-T2UbfbBEF32wiepXIsMlTW9+dDYC6wMh/t/vYA4tuOMKqWz/n3vr1NFSxQiyP+zk2mXsoMA/i/7qV6LKut1t1A==}
    engines: {node: '>= 0.4'}

  http-errors@2.0.1:
    resolution: {integrity: sha512-4FbRdAX+bSdmo4AUFuS0WNiPz8NgFt+r8ThgNWmlrjQjt1Q7ZR9+zTlce2859x4KSXrwIsaeTqDoKQmtP8pLmQ==}
    engines: {node: '>= 0.8'}

  https-proxy-agent@5.0.1:
    resolution: {integrity: sha512-dFcAjpTQFgoLMzC2VwU+C/CbS7uRL0lWmxDITmqm7C+7F0Odmj6s9l6alZc6AELXhrnggM2CeWSXHGOdX2YtwA==}
    engines: {node: '>= 6'}

  human-signals@2.1.0:
    resolution: {integrity: sha512-B4FFZ6q/T2jhhksgkbEW3HBvWIfDW85snkQgawt07S7J5QXTk6BkNV+0yAeZrM5QpMAdYlocGoljn0sJ/WQkFw==}
    engines: {node: '>=10.17.0'}

  iconv-lite@0.7.3:
    resolution: {integrity: sha512-IKXpvIzjnC9XTAUbVBcMfGS0EPaIXtW6v+zr+RRp+hqULEpo0owZax6wyRwPOJbWbzjYspQwusTsfVr0ifh4uQ==}
    engines: {node: '>=0.10.0'}

  inherits@2.0.4:
    resolution: {integrity: sha512-k/vGaX4/Yla3WzyMCvTQOXYeIHvqOKtnqBduzTHpzpQZzAskKMhZ2K+EnBiSM9zGSoIFeMpXKxa4dYeZIQqewQ==}

  ipaddr.js@1.9.1:
    resolution: {integrity: sha512-0KI/607xoxSToH7GjN1FfSbLoU0+btTicjsQSWQlh/hZykN8KpmMf7uYwPW3R+akZ6R/w18ZlXSHBYXiYUPO3g==}
    engines: {node: '>= 0.10'}

  is-promise@4.0.0:
    resolution: {integrity: sha512-hvpoI6korhJMnej285dSg6nu1+e6uxs7zG3BYAm5byqDsgJNWwxzM6z6iZiAgQR4TJ30JmBTOwqZUw3WlyH3AQ==}

  is-stream@2.0.1:
    resolution: {integrity: sha512-hFoiJiTl63nn+kstHGBtewWSKnQLpyb155KHheA1l39uvtO9nWIop1p3udqPcUd/xbF1VLMO4n7OI6p7RbngDg==}
    engines: {node: '>=8'}

  is@3.3.2:
    resolution: {integrity: sha512-a2xr4E3s1PjDS8ORcGgXpWx6V+liNs+O3JRD2mb9ã~w¶‰žËkºwµçM½±ÕÑ¥½¸èí¥¹Ñ•É¥ÑäèÍ¡„ÔÄÈµÁ©äÉ‰e¡MÍÕ™Ý]±-ÝAŒ­°Í8Ü­ÝÕ)±,ÙÕèÁe‘)=±E‰°Ù©¼½e±A¤Ñµˆá…U­Yá	ÝXá9Õé•åA9ÅI­ÍÍ¡éÑ-Dôõô(€€€•¹¥¹•Ìèí¹½‘”è€œøô€À¸àô((€ÕÑ¥°µ‘•ÁÉ•…Ñ• Ä¸À¸Èè(€€€É•Í½±ÕÑ¥½¸èí¥¹Ñ•É¥ÑäèÍ¡„ÔÄÈµAÕÄÅÕaåá)ÁÉ1¹ŒÅ¹!¹ÄÍ=„Ùi	½%¥$ÉQ…MÝY(ÅU)5…é%­a9ÍUe™Å‘…,¼½1QDáá¥%‰É!ÑÜôõô((€Ù…Éå Ä¸Ä¸Èè(€€€É•Í½±ÕÑ¥½¸èí¥¹Ñ•É¥ÑäèÍ¡„ÔÄÈµ	9‰]1™Á•UA…‰¡­aUY´Á¨áÕÕÙIåQ Õ½ÙI„½‘å½Ü½	Å‰i)å¬Õ™T­%éE=éµ-éeÅeI%M½I¡‘EÈÍ•%h½AaÅœôõô(€€€•¹¥¹•Ìèí¹½‘”è€œøô€À¸àô((€Ý¡¥¡ È¸À¸Èè(€€€É•Í½±ÕÑ¥½¸èí¥¹Ñ•É¥ÑäèÍ¡„ÔÄÈµ	1$ÍQ°ÅQ\ÍAÙ°ÜÁ°ÍåÄÍdØÑ¤­…ÝÁÝaÅÍ	e]­­Å5Ñ¹‰aÉ5­å¨ÝÉ¡\Á­Õáé)…ea©\Õ½…Á-95-95©¥‰ôõô(€€€•¹¥¹•Ìèí¹½‘”è€œøô€àô(€€€¡…Í	¥¸èÑÉÕ”((€Ý¥¹ÍÑ½¸µ‘…¥±äµÉ½Ñ…Ñ”µ™¥±• Ô¸À¸Àè(€€€É•Í½±ÕÑ¥½¸èí¥¹Ñ•É¥ÑäèÍ¡„ÔÄÈµ)©¥aa­4ÕÅÙÝdÀØÜÌÍÙ˜Àå$ÉÝ¹5aÁi¡áY=MA•¹i5¥¤­œÝÁQ	ÐÉ5IÕ¹½¤á	ÝYMÕPÉ©™Ia	Uä­¸Åiè½eÜôõô(€€€•¹¥¹•Ìèí¹½‘”è€œøôàô(€€€Á••É•Á•¹‘•¹¥•Ìè(€€€€€Ý¥¹ÍÑ½¸èxÌ((€Ý¥¹ÍÑ½¸µÍåÍ±½ È¸Ü¸Äè(€€€É•Í½±ÕÑ¥½¸èí¥¹Ñ•É¥ÑäèÍ¡„ÔÄÈµ5ÉTÕMÝa‰!ÝèÕÝ¡¸ÅÉiÑM‰I@ÅAáéTÐåÑÍ™©DØÍ©%Y­EÁaµ5½‘‰Q1¹Q(É\Í1\Ùµ½===¡å)iœôõô(€€€•¹¥¹•Ìèí¹½‘”è€œøô€àô(€€€Á••É•Á•¹‘•¹¥•Ìè(€€€€€Ý¥¹ÍÑ½¸èxÌ¸à¸È((€Ý¥¹ÍÑ½¸µÑÉ…¹ÍÁ½ÉÑ Ð¸ä¸Àè(€€€É•Í½±ÕÑ¥½¸èí¥¹Ñ•É¥ÑäèÍ¡„ÔÄÈ´á‘É5(ÑÉ­…A¼Å5”Ñé¼Í]1™$½éA‘å¼É%¥Á-=Õ¹¹ÕÅ‰!Ý©Í‰Üåå±ØÀÑ1éTÁáDÙÙQé¹=5ÁE…1¡¡´Ùôõô(€€€•¹¥¹•Ìèí¹½‘”è€œøô€ÄÈ¸À¸Àô((€Ý¥¹ÍÑ½¹ Ì¸Ää¸Àè(€€€É•Í½±ÕÑ¥½¸èí¥¹Ñ•É¥ÑäèÍ¡„ÔÄÈµ1i9)Aé™-H¬½(Í!­áÁ!-Á--Ù™iYALÑ¡™)ŒÑÁeéÙ±Ùå½LÍ%0½eÐäÅ…¬ÌÈÝeÁ¥¼Á5å•i!!-ôõô(€€€•¹¥¹•Ìèí¹½‘”è€œøô€ÄÈ¸À¸Àô((€ÝÉ…ÁÁå Ä¸À¸Èè(€€€É•Í½±ÕÑ¥½¸èí¥¹Ñ•É¥ÑäèÍ¡„ÔÄÈµ°ÑMÀ½IÍ•½ÈåÝ0ÙÙXÈ­QÕE¸ØÍ‘5­A©h½ÍÀåa­¡Q‰Xå-±ALÅáUÍhÍÔÜ½%E<ÑÝáÑÑ‰ÁEAIHÍEÙ•éADôõô()Í¹…ÁÍ¡½ÑÌè((€€…±…±é½¹”½Á…­ À¸ÄÄ¸Àœè(€€€‘•Á•¹‘•¹¥•Ìè(€€€€€…á¥½Ìè€Ä¸Äà¸Ä(€€€€€•á•„è€Ô¸À¸Ä(€€€€€™Ìµ•áÑÉ„è€ÄÀ¸Ä¸À(€€€€€Í•µÙ•Èè€Ü¸à¸Ô(€€€€€Ñ¥¹äµ±½ˆè€À¸È¸ä(€€€ÑÉ…¹Í¥Ñ¥Ù•A••É•Á•¹‘•¹¥•Ìè(€€€€€€´‘•‰Õœ(€€€€€€´ÍÕÁÁ½ÉÑÌµ½±½È((€€½±½ÉÌ½½±½ÉÍ Ä¸Ø¸Àœèíô((€€‘…‰ ½‘¥…¹½ÍÑ¥Í È¸À¸àœè(€€€‘•Á•¹‘•¹¥•Ìè(€€€€€€Í¼µÉ¥Œ½½±½ÉÍÁ…”œè€Ä¸Ä¸Ø(€€€€€•¹…‰±•è€È¸À¸À(€€€€€­Õ±•Èè€È¸À¸À((€€‘…Ñ…±ÕÍÐ½Ý¥¹ÍÑ½¸µÍ•Å Ä¸À¸È¡Ý¥¹ÍÑ½¹ Ì¸Ää¸À¤œè(€€€‘•Á•¹‘•¹¥•Ìè(€€€€€Í•Äµ±½¥¹œè€Ä¸Ä¸È(€€€€€Ý¥¹ÍÑ½¸è€Ì¸Ää¸À(€€€€€Ý¥¹ÍÑ½¸µÑÉ…¹ÍÁ½ÉÐè€Ð¸ä¸À(€€€½ÁÑ¥½¹…°èÑÉÕ”((€€¥½‰É½­•È½…‘…ÁÑ•Èµ½É• Ì¸Ð¸Ì¡¥½‰É½­•È½©Ìµ½¹ÑÉ½±±•Èµ½µµ½¸µ‘‰ Ü¸È¸È¤¡¥½‰É½­•È½ÑåÁ•Í Ü¸È¸È¤œè(€€€‘•Á•¹‘•¹¥•Ìè(€€€€€€¥½‰É½­•È½©Ìµ½¹ÑÉ½±±•Èµ½µµ½¸µ‘ˆœè€Ü¸È¸È(€€€€€€¥½‰É½­•È½ÑåÁ•Ìœè€Ü¸È¸È((€€¥½‰É½­•È½©Ìµ½¹ÑÉ½±±•Èµ½µµ½¸µ‘‰ Ü¸È¸Èœè(€€€‘•Á•¹‘•¹¥•Ìè(€€€€€€…±…±é½¹”½Á…¬œè€À¸ÄÄ¸À(€€€€€…á¥½Ìè€Ä¸Äà¸Ä(€€€€€¤µ¥¹™¼è€Ì¸ä¸À(€€€€€‘••Àµ±½¹”è€Ì¸À¸Ì(€€€€€•Ù•¹ÐµÍÑÉ•…´è€Ð¸À¸Ä(€€€€€™Ìµ•áÑÉ„è€ÄÄ¸Ì¸Ø(€€€€€©Í½¹Ý•‰Ñ½­•¸è€ä¸À¸Ì(€€€€€¹½‘”µ™½É”è€Ä¸Ð¸À(€€€€€¹½‘”¹•áÑ•¹è€È¸À¸Ì(€€€€€ÁÉ½µ¥Í¥™äµ¡¥±µÁÉ½•ÍÌè€Ð¸Ä¸È(€€€€€É•…‘±¥¹”è€Ä¸Ì¸À(€€€€€Í•µÙ•Èè€Ü¸à¸Ô(€€€€€ÑÉ¥Á±”µ‰•…´è€Ä¸Ð¸Ä(€€€€€Ý¥¹ÍÑ½¸è€Ì¸Ää¸À(€€€€€Ý¥¹ÍÑ½¸µ‘…¥±äµÉ½Ñ…Ñ”µ™¥±”è€Ô¸À¸À¡Ý¥¹ÍÑ½¹ Ì¸Ää¸À¤(€€€€€Ý¥¹ÍÑ½¸µÑÉ…¹ÍÁ½ÉÐè€Ð¸ä¸À(€€€½ÁÑ¥½¹…±•Á•¹‘•¹¥•Ìè(€€€€€€‘…Ñ…±ÕÍÐ½Ý¥¹ÍÑ½¸µÍ•Äœè€Ä¸À¸È¡Ý¥¹ÍÑ½¹ Ì¸Ää¸À¤(€€€€€‘¥Í­ÕÍ…”è€Ä¸È¸À(€€€€€Ý¥¹ÍÑ½¸µÍåÍ±½œè€È¸Ü¸Ä¡Ý¥¹ÍÑ½¹ Ì¸Ää¸À¤(€€€ÑÉ…¹Í¥Ñ¥Ù•A••É•Á•¹‘•¹¥•Ìè(€€€€€€´‘•‰Õœ(€€€€€€´ÍÕÁÁ½ÉÑÌµ½±½È((€€¥½‰É½­•È½ÑåÁ•Í Ü¸È¸Èœèíô((€€Í¼µÉ¥Œ½½±½ÉÍÁ…• Ä¸Ä¸Øœè(€€€‘•Á•¹‘•¹¥•Ìè(€€€€€½±½Èè€Ô¸À¸Ì(€€€€€Ñ•áÐµ¡•àè€Ä¸À¸À((€€ÑåÁ•Ì½ÑÉ¥Á±”µ‰•…µ Ä¸Ì¸Ôœèíô((€…•ÁÑÍ È¸À¸Àè(€€€‘•Á•¹‘•¹¥•Ìè(€€€€€µ¥µ”µÑåÁ•Ìè€Ì¸À¸È(€€€€€¹•½Ñ¥…Ñ½Èè€Ä¸À¸À((€…•¹Ðµ‰…Í• Ø¸À¸Èè(€€€‘•Á•¹‘•¹¥•Ìè(€€€€€‘•‰Õœè€Ð¸Ð¸Ì(€€€ÑÉ…¹Í¥Ñ¥Ù•A••É•Á•¹‘•¹¥•Ìè(€€€€€€´ÍÕÁÁ½ÉÑÌµ½±½È((€…Íå¹ Ì¸È¸Øèíô((€…Íå¹­¥Ñ À¸Ð¸Àèíô((€…á¥½Í Ä¸Äà¸Äè(€€€‘•Á•¹‘•¹¥•Ìè(€€€€€™½±±½ÜµÉ•‘¥É•ÑÌè€Ä¸ÄØ¸À(€€€€€™½É´µ‘…Ñ„è€Ð¸À¸Ø(€€€€€¡ÑÑÁÌµÁÉ½áäµ…•¹Ðè€Ô¸À¸Ä(€€€€€ÁÉ½áäµ™É½´µ•¹Øè€È¸Ä¸À(€€€ÑÉ…¹Í¥Ñ¥Ù•A••É•Á•¹‘•¹¥•Ìè(€€€€€€´‘•‰Õœ(€€€€€€´ÍÕÁÁ½ÉÑÌµ½±½È((€‰¥¹‘¥¹Í Ä¸Ô¸Àè(€€€‘•Á•¹‘•¹¥•Ìè(€€€€€™¥±”µÕÉ¤µÑ¼µÁ…Ñ è€Ä¸À¸À(€€€½ÁÑ¥½¹…°èÑÉÕ”((€‰½‘äµÁ…ÉÍ•É È¸Ì¸Àè(€€€‘•Á•¹‘•¹¥•Ìè(€€€€€‰åÑ•Ìè€Ì¸Ä¸È(€€€€€½¹Ñ•¹ÐµÑåÁ”è€È¸À¸À(€€€€€‘•‰Õœè€Ð¸Ð¸Ì(€€€€€¡ÑÑÀµ•ÉÉ½ÉÌè€È¸À¸Ä(€€€€€¥½¹Øµ±¥Ñ”è€À¸Ü¸Ì(€€€€€½¸µ™¥¹¥Í¡•è€È¸Ð¸Ä(€€€€€ÅÌè€Ø¸ÄÔ¸Ì(€€€€€É…Üµ‰½‘äè€Ì¸À¸È(€€€€€ÑåÁ”µ¥Ìè€È¸Ä¸À(€€€ÑÉ…¹Í¥Ñ¥Ù•A••É•Á•¹‘•¹¥•Ìè(€€€€€€´ÍÕÁÁ½ÉÑÌµ½±½È((€‰Õ™™•Èµ•ÅÕ…°µ½¹ÍÑ…¹ÐµÑ¥µ• Ä¸À¸Äèíô((€‰åÑ•Í Ì¸Ä¸Èèíô((€…±°µ‰¥¹µ…ÁÁ±äµ¡•±Á•ÉÍ Ä¸À¸Èè(€€€‘•Á•¹‘•¹¥•Ìè(€€€€€•Ìµ•ÉÉ½ÉÌè€Ä¸Ì¸À(€€€€€™Õ¹Ñ¥½¸µ‰¥¹è€Ä¸Ä¸È((€…±°µ‰½Õ¹‘ Ä¸À¸Ðè(€€€‘•Á•¹‘•¹¥•Ìè(€€€€€…±°µ‰¥¹µ…ÁÁ±äµ¡•±Á•ÉÌè€Ä¸À¸È(€€€€€•Ðµ¥¹ÑÉ¥¹Í¥Œè€Ä¸Ì¸À((€¤µ¥¹™½ Ì¸ä¸Àèíô((€½±½Èµ½¹Ù•ÉÑ Ì¸Ä¸Ìè(€€€‘•Á•¹‘•¹¥•Ìè(€€€€€½±½Èµ¹…µ”è€È¸Ä¸À((€½±½Èµ¹…µ• È¸Ä¸Àèíô((€½±½ÈµÍÑÉ¥¹ È¸Ä¸Ðè(€€€‘•Á•¹‘•¹¥•Ìè(€€€€€½±½Èµ¹…µ”è€È¸Ä¸À((€½±½É Ô¸À¸Ìè(€€€‘•Á•¹‘•¹¥•Ìè(€€€€€½±½Èµ½¹Ù•ÉÐè€Ì¸Ä¸Ì(€€€€€½±½ÈµÍÑÉ¥¹œè€È¸Ä¸Ð((€½µ‰¥¹•µÍÑÉ•…µ Ä¸À¸àè(€€€‘•Á•¹‘•¹¥•Ìè(€€€€€‘•±…å•µÍÑÉ•…´è€Ä¸À¸À((€½¹Ñ•¹Ðµ‘¥ÍÁ½Í¥Ñ¥½¹ Ä¸Ä¸Àèíô((€½¹Ñ•¹ÐµÑåÁ• Ä¸À¸Ôèíô((€½¹Ñ•¹ÐµÑåÁ• È¸À¸Àèíô((€½½­¥”µÍ¥¹…ÑÕÉ• Ä¸È¸Èèíô((€½½­¥• À¸Ü¸Èèíô((€É½ÍÌµÍÁ…Ý¹ Ü¸À¸Øè(€€€‘•Á•¹‘•¹¥•Ìè(€€€€€Á…Ñ µ­•äè€Ì¸Ä¸Ä(€€€€€Í¡•‰…¹œµ½µµ…¹è€È¸À¸À(€€€€€Ý¡¥ è€È¸À¸È((€‘•‰Õ Ð¸Ð¸Ìè(€€€‘•Á•¹‘•¹¥•Ìè(€€€€€µÌè€È¸Ä¸Ì((€‘••Àµ±½¹• Ì¸À¸Ìèíô((€‘•±…å•µÍÑÉ•…µ Ä¸À¸Àèíô((€‘•Á‘ È¸À¸Àèíô((€‘¥Í­ÕÍ…• Ä¸È¸Àè(€€€‘•Á•¹‘•¹¥•Ìè(€€€€€•ÌØµÁÉ½µ¥Í”è€Ð¸È¸à(€€€€€¹…¸è€È¸Èà¸À(€€€½ÁÑ¥½¹…°èÑÉÕ”((€‘Õ¹‘•ÈµÁÉ½Ñ½ Ä¸À¸Äè(€€€‘•Á•¹‘•¹¥•Ìè(€€€€€…±°µ‰¥¹µ…ÁÁ±äµ¡•±Á•ÉÌè€Ä¸À¸È(€€€€€•Ìµ•ÉÉ½ÉÌè€Ä¸Ì¸À(€€€€€½Áè€Ä¸È¸À((€‘ÕÁ±•á•É À¸Ä¸Èèíô((€•‘Í„µÍ¥œµ™½Éµ…ÑÑ•É Ä¸À¸ÄÄè(€€€‘•Á•¹‘•¹¥•Ìè(€€€€€Í…™”µ‰Õ™™•Èè€Ô¸È¸Ä((€•”µ™¥ÉÍÑ Ä¸Ä¸Äèíô((€•¹…‰±•‘ È¸À¸Àèíô((€•¹½‘•ÕÉ± È¸À¸Àèíô((€•Ìµ‘•™¥¹”µÁÉ½Á•ÉÑå Ä¸À¸Äèíô((€•Ìµ•ÉÉ½ÉÍ Ä¸Ì¸Àèíô((€•Ìµ½‰©•Ðµ…Ñ½µÍ Ä¸Ä¸Èè(€€€‘•Á•¹‘•¹¥•Ìè(€€€€€•Ìµ•ÉÉ½ÉÌè€Ä¸Ì¸À((€•ÌµÍ•ÐµÑ½ÍÑÉ¥¹Ñ… È¸Ä¸Àè(€€€‘•Á•¹‘•¹¥•Ìè(€€€€€•Ìµ•ÉÉ½ÉÌè€Ä¸Ì¸À(€€€€€•Ðµ¥¹ÑÉ¥¹Í¥Œè€Ä¸Ì¸À(€€€€€¡…ÌµÑ½ÍÑÉ¥¹Ñ…œè€Ä¸À¸È(€€€€€¡…Í½Ý¸è€È¸À¸Ð((€•ÌØµÁÉ½µ¥Í• Ð¸È¸àè(€€€½ÁÑ¥½¹…°èÑÉÕ”((€•Í…Á”µ¡Ñµ± Ä¸À¸Ìèíô((€•Ñ… Ä¸à¸Äèíô((€•Ù•¹ÐµÍÑÉ•…µ Ð¸À¸Äè(€€€‘•Á•¹‘•¹¥•Ìè(€€€€€‘ÕÁ±•á•Èè€À¸Ä¸È(€€€€€™É½´è€À¸Ä¸Ü(€€€€€µ…ÀµÍÑÉ•…´è€À¸À¸Ü(€€€€€Á…ÕÍ”µÍÑÉ•…´è€À¸À¸ÄÄ(€€€€€ÍÁ±¥Ðè€Ä¸À¸Ä(€€€€€ÍÑÉ•…´µ½µ‰¥¹•Èè€À¸È¸È(€€€€€Ñ¡É½Õ è€È¸Ì¸à((€•á•… Ô¸À¸Äè(€€€‘•Á•¹‘•¹¥•Ìè(€€€€€É½ÍÌµÍÁ…Ý¸è€Ü¸À¸Ø(€€€€€•ÐµÍÑÉ•…´è€Ø¸À¸Ä(€€€€€¡Õµ…¸µÍ¥¹…±Ìè€È¸Ä¸À(€€€€€¥ÌµÍÑÉ•…´è€È¸À¸Ä(€€€€€µ•É”µÍÑÉ•…´è€È¸À¸À(€€€€€¹Á´µÉÕ¸µÁ…Ñ è€Ð¸À¸Ä(€€€€€½¹•Ñ¥µ”è€Ô¸Ä¸È(€€€€€Í¥¹…°µ•á¥Ðè€Ì¸À¸Ü(€€€€€ÍÑÉ¥Àµ™¥¹…°µ¹•Ý±¥¹”è€È¸À¸À((€•áÁÉ•ÍÍ Ô¸È¸Äè(€€€‘•Á•¹‘•¹¥•Ìè(€€€€€…•ÁÑÌè€È¸À¸À(€€€€€‰½‘äµÁ…ÉÍ•Èè€È¸Ì¸À(€€€€€½¹Ñ•¹Ðµ‘¥ÍÁ½Í¥Ñ¥½¸è€Ä¸Ä¸À(€€€€€½¹Ñ•¹ÐµÑåÁ”è€Ä¸À¸Ô(€€€€€½½­¥”è€À¸Ü¸È(€€€€€½½­¥”µÍ¥¹…ÑÕÉ”è€Ä¸È¸È(€€€€€‘•‰Õœè€Ð¸Ð¸Ì(€€€€€‘•Áè€È¸À¸À(€€€€€•¹½‘•ÕÉ°è€È¸À¸À(€€€€€•Í…Á”µ¡Ñµ°è€Ä¸À¸Ì(€€€€€•Ñ…œè€Ä¸à¸Ä(€€€€€™¥¹…±¡…¹‘±•Èè€È¸Ä¸Ä(€€€€€™É•Í è€È¸À¸À(€€€€€¡ÑÑÀµ•ÉÉ½ÉÌè€È¸À¸Ä(€€€€€µ•É”µ‘•ÍÉ¥ÁÑ½ÉÌè€È¸À¸À(€€€€€µ¥µ”µÑåÁ•Ìè€Ì¸À¸È(€€€€€½¸µ™¥¹¥Í¡•è€È¸Ð¸Ä(€€€€€½¹”è€Ä¸Ð¸À(€€€€€Á…ÉÍ•ÕÉ°è€Ä¸Ì¸Ì(€€€€€ÁÉ½áäµ…‘‘Èè€È¸À¸Ü(€€€€€ÅÌè€Ø¸ÄÔ¸Ì(€€€€€É…¹”µÁ…ÉÍ•Èè€Ä¸Ì¸À(€€€€€É½ÕÑ•Èè€È¸È¸À(€€€€€Í•¹è€Ä¸È¸Ä(€€€€€Í•ÉÙ”µÍÑ…Ñ¥Œè€È¸È¸Ä(€€€€€ÍÑ…ÑÕÍ•Ìè€È¸À¸È(€€€€€ÑåÁ”µ¥Ìè€È¸Ä¸À(€€€€€Ù…Éäè€Ä¸Ä¸È(€€€ÑÉ…¹Í¥Ñ¥Ù•A••É•Á•¹‘•¹¥•Ìè(€€€€€€´ÍÕÁÁ½ÉÑÌµ½±½È((€™•¡… Ð¸È¸Ìèíô((€™¥±”µÍÑÉ•…´µÉ½Ñ…Ñ½É À¸Ø¸Äè(€€€‘•Á•¹‘•¹¥•Ìè(€€€€€µ½µ•¹Ðè€È¸ÌÀ¸Ä((€™¥±”µÕÉ¤µÑ¼µÁ…Ñ¡ Ä¸À¸Àè(€€€½ÁÑ¥½¹…°èÑÉÕ”((€™¥¹…±¡…¹‘±•É È¸Ä¸Äè(€€€‘•Á•¹‘•¹¥•Ìè(€€€€€‘•‰Õœè€Ð¸Ð¸Ì(€€€€€•¹½‘•ÕÉ°è€È¸À¸À(€€€€€•Í…Á”µ¡Ñµ°è€Ä¸À¸Ì(€€€€€½¸µ™¥¹¥Í¡•è€È¸Ð¸Ä(€€€€€Á…ÉÍ•ÕÉ°è€Ä¸Ì¸Ì(€€€€€ÍÑ…ÑÕÍ•Ìè€È¸À¸È(€€€ÑÉ…¹Í¥Ñ¥Ù•A••É•Á•¹‘•¹¥•Ìè(€€€€€€´ÍÕÁÁ½ÉÑÌµ½±½È((€™¸¹¹…µ• Ä¸Ä¸Àèíô((€™½±±½ÜµÉ•‘¥É•ÑÍ Ä¸ÄØ¸Àèíô((€™½É´µ‘…Ñ… Ð¸À¸Øè(€€€‘•Á•¹‘•¹¥•Ìè(€€€€€…Íå¹­¥Ðè€À¸Ð¸À(€€€€€½µ‰¥¹•µÍÑÉ•…´è€Ä¸À¸à(€€€€€•ÌµÍ•ÐµÑ½ÍÑÉ¥¹Ñ…œè€È¸Ä¸À(€€€€€¡…Í½Ý¸è€È¸À¸Ð(€€€€€µ¥µ”µÑåÁ•Ìè€È¸Ä¸ÌÔ((€™½ÉÝ…É‘•‘ À¸È¸Àèíô((€™É•Í¡ È¸À¸Àèíô((€™É½µ À¸Ä¸Üèíô((€™Ìµ•áÑÉ… ÄÀ¸Ä¸Àè(€€€‘•Á•¹‘•¹¥•Ìè(€€€€€É…•™Õ°µ™Ìè€Ð¸È¸ÄÄ(€€€€€©Í½¹™¥±”è€Ø¸È¸Ä(€€€€€Õ¹¥Ù•ÉÍ…±¥™äè€È¸À¸Ä((€™Ìµ•áÑÉ… ÄÄ¸Ì¸Øè(€€€‘•Á•¹‘•¹¥•Ìè(€€€€€É…•™Õ°µ™Ìè€Ð¸È¸ÄÄ(€€€€€©Í½¹™¥±”è€Ø¸È¸Ä(€€€€€Õ¹¥Ù•ÉÍ…±¥™äè€È¸À¸Ä((€™Õ¹Ñ¥½¸µ‰¥¹‘ Ä¸Ä¸Èèíô((€•Ðµ¥¹ÑÉ¥¹Í¥ Ä¸Ì¸Àè(€€€‘•Á•¹‘•¹¥•Ìè(€€€€€…±°µ‰¥¹µ…ÁÁ±äµ¡•±Á•ÉÌè€Ä¸À¸È(€€€€€•Ìµ‘•™¥¹”µÁÉ½Á•ÉÑäè€Ä¸À¸Ä(€€€€€•Ìµ•ÉÉ½ÉÌè€Ä¸Ì¸À(€€€€€•Ìµ½‰©•Ðµ…Ñ½µÌè€Ä¸Ä¸È(€€€€€™Õ¹Ñ¥½¸µ‰¥¹è€Ä¸Ä¸È(€€€€€•ÐµÁÉ½Ñ¼è€Ä¸À¸Ä(€€€€€½Áè€Ä¸È¸À(€€€€€¡…ÌµÍåµ‰½±Ìè€Ä¸Ä¸À(€€€€€¡…Í½Ý¸è€È¸À¸Ð(€€€€€µ…Ñ µ¥¹ÑÉ¥¹Í¥Ìè€Ä¸Ä¸À((€•ÐµÁÉ½Ñ½ Ä¸À¸Äè(€€€‘•Á•¹‘•¹¥•Ìè(€€€€€‘Õ¹‘•ÈµÁÉ½Ñ¼è€Ä¸À¸Ä(€€€€€•Ìµ½‰©•Ðµ…Ñ½µÌè€Ä¸Ä¸È((€•ÐµÍÑÉ•…µ Ø¸À¸Äèíô((€±½‰…±åé•É À¸Ä¸Àèíô((€±½‰É•á À¸Ä¸Èèíô((€±½ÍÍå À¸Ä¸Üè(€€€½ÁÑ¥½¹…°èÑÉÕ”((€½Á‘ Ä¸È¸Àèíô((€É…•™Õ°µ™Í Ð¸È¸ÄÄèíô((€¡…ÌµÍåµ‰½±Í Ä¸Ä¸Àèíô((€¡…ÌµÑ½ÍÑÉ¥¹Ñ… Ä¸À¸Èè(€€€‘•Á•¹‘•¹¥•Ìè(€€€€€¡…ÌµÍåµ‰½±Ìè€Ä¸Ä¸À((€¡…Í½Ý¹ È¸À¸Ðè(€€€‘•Á•¹‘•¹¥•Ìè(€€€€€™Õ¹Ñ¥½¸µ‰¥¹è€Ä¸Ä¸È((€¡ÑÑÀµ•ÉÉ½ÉÍ È¸À¸Äè(€€€‘•Á•¹‘•¹¥•Ìè(€€€€€‘•Áè€È¸À¸À(€€€€€¥¹¡•É¥ÑÌè€È¸À¸Ð(€€€€€Í•ÑÁÉ½Ñ½ÑåÁ•½˜è€Ä¸È¸À(€€€€€ÍÑ…ÑÕÍ•Ìè€È¸À¸È(€€€€€Ñ½¥‘•¹Ñ¥™¥•Èè€Ä¸À¸Ä((€¡ÑÑÁÌµÁÉ½áäµ…•¹Ñ Ô¸À¸Äè(€€€‘•Á•¹‘•¹¥•Ìè(€€€€€…•¹Ðµ‰…Í”è€Ø¸À¸È(€€€€€‘•‰Õœè€Ð¸Ð¸Ì(€€€ÑÉ…¹Í¥Ñ¥Ù•A••É•Á•¹‘•¹¥•Ìè(€€€€€€´ÍÕÁÁ½ÉÑÌµ½±½È((€¡Õµ…¸µÍ¥¹…±Í È¸Ä¸Àèíô((€¥½¹Øµ±¥Ñ• À¸Ü¸Ìè(€€€‘•Á•¹‘•¹¥•Ìè(€€€€€Í…™•Èµ‰Õ™™•Èè€È¸Ä¸È((€¥¹¡•É¥ÑÍ È¸À¸Ðèíô((€¥Á…‘‘È¹©Í Ä¸ä¸Äèíô((€¥ÌµÁÉ½µ¥Í• Ð¸À¸Àèíô((€¥ÌµÍÑÉ•…µ È¸À¸Äèíô((€¥Í Ì¸Ì¸Èèíô((€¥Í•á• È¸À¸Àèíô((€©Í½¹™¥±• Ø¸È¸Äè(€€€‘•Á•¹‘•¹¥•Ìè(€€€€€Õ¹¥Ù•ÉÍ…±¥™äè€È¸À¸Ä(€€€½ÁÑ¥½¹…±•Á•¹‘•¹¥•Ìè(€€€€€É…•™Õ°µ™Ìè€Ð¸È¸ÄÄ((€©Í½¹Ý•‰Ñ½­•¹ ä¸À¸Ìè(€€€‘•Á•¹‘•¹¥•Ìè(€€€€€©ÝÌè€Ð¸À¸Ä(€€€€€±½‘…Í ¹¥¹±Õ‘•Ìè€Ð¸Ì¸À(€€€€€±½‘…Í ¹¥Í‰½½±•…¸è€Ì¸À¸Ì(€€€€€±½‘…Í ¹¥Í¥¹Ñ••Èè€Ð¸À¸Ð(€€€€€±½‘…Í ¹¥Í¹Õµ‰•Èè€Ì¸À¸Ì(€€€€€±½‘…Í ¹¥ÍÁ±…¥¹½‰©•Ðè€Ð¸À¸Ø(€€€€€±½‘…Í ¹¥ÍÍÑÉ¥¹œè€Ð¸À¸Ä(€€€€€±½‘…Í ¹½¹”è€Ð¸Ä¸Ä(€€€€€µÌè€È¸Ä¸Ì(€€€€€Í•µÙ•Èè€Ü¸à¸Ô((€©Ý… È¸À¸Äè(€€€‘•Á•¹‘•¹¥•Ìè(€€€€€‰Õ™™•Èµ•ÅÕ…°µ½¹ÍÑ…¹ÐµÑ¥µ”è€Ä¸À¸Ä(€€€€€•‘Í„µÍ¥œµ™½Éµ…ÑÑ•Èè€Ä¸À¸ÄÄ(€€€€€Í…™”µ‰Õ™™•Èè€Ô¸È¸Ä((€©ÝÍ Ð¸À¸Äè(€€€‘•Á•¹‘•¹¥•Ìè(€€€€€©Ý„è€È¸À¸Ä(€€€€€Í…™”µ‰Õ™™•Èè€Ô¸È¸Ä((€­Õ±•É È¸À¸Àèíô((€±½‘…Í ¹¥¹±Õ‘•Í Ð¸Ì¸Àèíô((€±½‘…Í ¹¥Í‰½½±•…¹ Ì¸À¸Ìèíô((€±½‘…Í ¹¥Í¥¹Ñ••É Ð¸À¸Ðèíô((€±½‘…Í ¹¥Í¹Õµ‰•É Ì¸À¸Ìèíô((€±½‘…Í ¹¥ÍÁ±…¥¹½‰©•Ñ Ð¸À¸Øèíô((€±½‘…Í ¹¥ÍÍÑÉ¥¹ Ð¸À¸Äèíô((€±½‘…Í ¹½¹• Ð¸Ä¸Äèíô((€±½™½Éµ È¸Ü¸Àè(€€€‘•Á•¹‘•¹¥•Ìè(€€€€€€½±½ÉÌ½½±½ÉÌœè€Ä¸Ø¸À(€€€€€€ÑåÁ•Ì½ÑÉ¥Á±”µ‰•…´œè€Ä¸Ì¸Ô(€€€€€™•¡„è€Ð¸È¸Ì(€€€€€µÌè€È¸Ä¸Ì(€€€€€Í…™”µÍÑ…‰±”µÍÑÉ¥¹¥™äè€È¸Ô¸À(€€€€€ÑÉ¥Á±”µ‰•…´è€Ä¸Ð¸Ä((€µ…ÀµÍÑÉ•…µ À¸À¸Üèíô((€µ…Ñ µ¥¹ÑÉ¥¹Í¥Í Ä¸Ä¸Àèíô((€µ•‘¥„µÑåÁ•É Ä¸Ä¸Àèíô((€µ•É”µ‘•ÍÉ¥ÁÑ½ÉÍ È¸À¸Àèíô((€µ•É”µÍÑÉ•…µ È¸À¸Àèíô((€µ¥µ”µ‘‰ Ä¸ÔÈ¸Àèíô((€µ¥µ”µ‘‰ Ä¸ÔÐ¸Àèíô((€µ¥µ”µÑåÁ•Í È¸Ä¸ÌÔè(€€€‘•Á•¹‘•¹¥•Ìè(€€€€€µ¥µ”µ‘ˆè€Ä¸ÔÈ¸À((€µ¥µ”µÑåÁ•Í Ì¸À¸Èè(€€€‘•Á•¹‘•¹¥•Ìè(€€€€€µ¥µ”µ‘ˆè€Ä¸ÔÐ¸À((€µ¥µ¥Œµ™¹ È¸Ä¸Àèíô((€µ½µ•¹Ñ È¸ÌÀ¸Äèíô((€µÍ È¸Ä¸Ìèíô((€¹…¹ È¸Èà¸Àè(€€€½ÁÑ¥½¹…°èÑÉÕ”((€¹•½Ñ¥…Ñ½É Ä¸À¸Àèíô((€¹½‘”µ™½É• Ä¸Ð¸Àèíô((€¹½‘”¹•áÑ•¹‘ È¸À¸Ìè(€€€‘•Á•¹‘•¹¥•Ìè(€€€€€¡…Í½Ý¸è€È¸À¸Ð(€€€€€¥Ìè€Ì¸Ì¸È((€¹Á´µÉÕ¸µÁ…Ñ¡ Ð¸À¸Äè(€€€‘•Á•¹‘•¹¥•Ìè(€€€€€Á…Ñ µ­•äè€Ì¸Ä¸Ä((€½‰©•Ðµ¡…Í¡ Ì¸À¸Àèíô((€½‰©•Ðµ¥¹ÍÁ•Ñ Ä¸ÄÌ¸Ðèíô((€½¸µ™¥¹¥Í¡•‘ È¸Ð¸Äè(€€€‘•Á•¹‘•¹¥•Ìè(€€€€€•”µ™¥ÉÍÐè€Ä¸Ä¸Ä((€½¹• Ä¸Ð¸Àè(€€€‘•Á•¹‘•¹¥•Ìè(€€€€€ÝÉ…ÁÁäè€Ä¸À¸È((€½¹”µÑ¥µ• Ä¸À¸Àè(€€€‘•Á•¹‘•¹¥•Ìè(€€€€€™¸¹¹…µ”è€Ä¸Ä¸À((€½¹•Ñ¥µ• Ô¸Ä¸Èè(€€€‘•Á•¹‘•¹¥•Ìè(€€€€€µ¥µ¥Œµ™¸è€È¸Ä¸À((€Á…ÉÍ•ÕÉ± Ä¸Ì¸Ìèíô((€Á…Ñ µ­•å Ì¸Ä¸Äèíô((€Á…Ñ µÑ¼µÉ••áÁ à¸Ð¸Èèíô((€Á…ÕÍ”µÍÑÉ•…µ À¸À¸ÄÄè(€€€‘•Á•¹‘•¹¥•Ìè(€€€€€Ñ¡É½Õ è€È¸Ì¸à((€ÁÉ½µ¥Í¥™äµ¡¥±µÁÉ½•ÍÍ Ð¸Ä¸Èèíô((€ÁÉ½áäµ…‘‘É È¸À¸Üè(€€€‘•Á•¹‘•¹¥•Ìè(€€€€€™½ÉÝ…É‘•è€À¸È¸À(€€€€€¥Á…‘‘È¹©Ìè€Ä¸ä¸Ä((€ÁÉ½áäµ™É½´µ•¹Ù È¸Ä¸Àèíô((€ÅÍ Ø¸ÄÔ¸Ìè(€€€‘•Á•¹‘•¹¥•Ìè(€€€€€•Ìµ‘•™¥¹”µÁÉ½Á•ÉÑäè€Ä¸À¸Ä(€€€€€Í¥‘”µ¡…¹¹•°è€Ä¸Ä¸Ä((€É…¹”µÁ…ÉÍ•É Ä¸Ì¸Àèíô((€É…Üµ‰½‘å Ì¸À¸Èè(€€€‘•Á•¹‘•¹¥•Ìè(€€€€€‰åÑ•Ìè€Ì¸Ä¸È(€€€€€¡ÑÑÀµ•ÉÉ½ÉÌè€È¸À¸Ä(€€€€€¥½¹Øµ±¥Ñ”è€À¸Ü¸Ì(€€€€€Õ¹Á¥Á”è€Ä¸À¸À((€É•…‘…‰±”µÍÑÉ•…µ Ì¸Ø¸Èè(€€€‘•Á•¹‘•¹¥•Ìè(€€€€€¥¹¡•É¥ÑÌè€È¸À¸Ð(€€€€€ÍÑÉ¥¹}‘•½‘•Èè€Ä¸Ì¸À(€€€€€ÕÑ¥°µ‘•ÁÉ•…Ñ”è€Ä¸À¸È((€É•…‘±¥¹• Ä¸Ì¸Àèíô((€É½ÕÑ•É È¸È¸Àè(€€€‘•Á•¹‘•¹¥•Ìè(€€€€€‘•‰Õœè€Ð¸Ð¸Ì(€€€€€‘•Áè€È¸À¸À(€€€€€¥ÌµÁÉ½µ¥Í”è€Ð¸À¸À(€€€€€Á…ÉÍ•ÕÉ°è€Ä¸Ì¸Ì(€€€€€Á…Ñ µÑ¼µÉ••áÀè€à¸Ð¸È(€€€ÑÉ…¹Í¥Ñ¥Ù•A••É•Á•¹‘•¹¥•Ìè(€€€€€€´ÍÕÁÁ½ÉÑÌµ½±½È((€Í…™”µ‰Õ™™•É Ô¸È¸Äèíô((€Í…™”µÍÑ…‰±”µÍÑÉ¥¹¥™å È¸Ô¸Àèíô((€Í…™•Èµ‰Õ™™•É È¸Ä¸Èèíô((€Í•µÙ•É Ü¸à¸Ôèíô((€Í•¹‘ Ä¸È¸Äè(€€€‘•Á•¹‘•¹¥•Ìè(€€€€€‘•‰Õœè€Ð¸Ð¸Ì(€€€€€•¹½‘•ÕÉ°è€È¸À¸À(€€€€€•Í…Á”µ¡Ñµ°è€Ä¸À¸Ì(€€€€€•Ñ…œè€Ä¸à¸Ä(€€€€€™É•Í è€È¸À¸À(€€€€€¡ÑÑÀµ•ÉÉ½ÉÌè€È¸À¸Ä(€€€€€µ¥µ”µÑåÁ•Ìè€Ì¸À¸È(€€€€€µÌè€È¸Ä¸Ì(€€€€€½¸µ™¥¹¥Í¡•è€È¸Ð¸Ä(€€€€€É…¹”µÁ…ÉÍ•Èè€Ä¸Ì¸À(€€€€€ÍÑ…ÑÕÍ•Ìè€È¸À¸È(€€€ÑÉ…¹Í¥Ñ¥Ù•A••É•Á•¹‘•¹¥•Ìè(€€€€€€´ÍÕÁÁ½ÉÑÌµ½±½È((€Í•Äµ±½¥¹ Ä¸Ä¸Èè(€€€½ÁÑ¥½¹…°èÑÉÕ”((€Í•ÉÙ”µÍÑ…Ñ¥ È¸È¸Äè(€€€‘•Á•¹‘•¹¥•Ìè(€€€€€•¹½‘•ÕÉ°è€È¸À¸À(€€€€€•Í…Á”µ¡Ñµ°è€Ä¸À¸Ì(€€€€€Á…ÉÍ•ÕÉ°è€Ä¸Ì¸Ì(€€€€€Í•¹è€Ä¸È¸Ä(€€€ÑÉ…¹Í¥Ñ¥Ù•A••É•Á•¹‘•¹¥•Ìè(€€€€€€´ÍÕÁÁ½ÉÑÌµ½±½È((€Í•ÑÁÉ½Ñ½ÑåÁ•½™ Ä¸È¸Àèíô((€Í¡•‰…¹œµ½µµ…¹‘ È¸À¸Àè(€€€‘•Á•¹‘•¹¥•Ìè(€€€€€Í¡•‰…¹œµÉ••àè€Ì¸À¸À((€Í¡•‰…¹œµÉ••á Ì¸À¸Àèíô((€Í¥‘”µ¡…¹¹•°µ±¥ÍÑ Ä¸À¸Äè(€€€‘•Á•¹‘•¹¥•Ìè(€€€€€•Ìµ•ÉÉ½ÉÌè€Ä¸Ì¸À(€€€€€½‰©•Ðµ¥¹ÍÁ•Ðè€Ä¸ÄÌ¸Ð((€Í¥‘”µ¡…¹¹•°µµ…Á Ä¸À¸Äè(€€€‘•Á•¹‘•¹¥•Ìè(€€€€€…±°µ‰½Õ¹è€Ä¸À¸Ð(€€€€€•Ìµ•ÉÉ½ÉÌè€Ä¸Ì¸À(€€€€€•Ðµ¥¹ÑÉ¥¹Í¥Œè€Ä¸Ì¸À(€€€€€½‰©•Ðµ¥¹ÍÁ•Ðè€Ä¸ÄÌ¸Ð((€Í¥‘”µ¡…¹¹•°µÝ•…­µ…Á Ä¸À¸Èè(€€€‘•Á•¹‘•¹¥•Ìè(€€€€€…±°µ‰½Õ¹è€Ä¸À¸Ð(€€€€€•Ìµ•ÉÉ½ÉÌè€Ä¸Ì¸À(€€€€€•Ðµ¥¹ÑÉ¥¹Í¥Œè€Ä¸Ì¸À(€€€€€½‰©•Ðµ¥¹ÍÁ•Ðè€Ä¸ÄÌ¸Ð(€€€€€Í¥‘”µ¡…¹¹•°µµ…Àè€Ä¸À¸Ä((€Í¥‘”µ¡…¹¹•± Ä¸Ä¸Äè(€€€‘•Á•¹‘•¹¥•Ìè(€€€€€•Ìµ•ÉÉ½ÉÌè€Ä¸Ì¸À(€€€€€½‰©•Ðµ¥¹ÍÁ•Ðè€Ä¸ÄÌ¸Ð(€€€€€Í¥‘”µ¡…¹¹•°µ±¥ÍÐè€Ä¸À¸Ä(€€€€€Í¥‘”µ¡…¹¹•°µµ…Àè€Ä¸À¸Ä(€€€€€Í¥‘”µ¡…¹¹•°µÝ•…­µ…Àè€Ä¸À¸È((€Í¥¹…°µ•á¥Ñ Ì¸À¸Üèíô((€ÍÁ±¥Ñ Ä¸À¸Äè(€€€‘•Á•¹‘•¹¥•Ìè(€€€€€Ñ¡É½Õ è€È¸Ì¸à((€ÍÑ…¬µÑÉ…• À¸À¸ÄÀèíô((€ÍÑ…ÑÕÍ•Í È¸À¸Èèíô((€ÍÑÉ•…´µ½µ‰¥¹•É À¸È¸Èè(€€€‘•Á•¹‘•¹¥•Ìè(€€€€€‘ÕÁ±•á•Èè€À¸Ä¸È(€€€€€Ñ¡É½Õ è€È¸Ì¸à((€ÍÑÉ¥¹}‘•½‘•É Ä¸Ì¸Àè(€€€‘•Á•¹‘•¹¥•Ìè(€€€€€Í…™”µ‰Õ™™•Èè€Ô¸È¸Ä((€ÍÑÉ¥Àµ™¥¹…°µ¹•Ý±¥¹• È¸À¸Àèíô((€Ñ•áÐµ¡•á Ä¸À¸Àèíô((€Ñ¡É½Õ¡ È¸Ì¸àèíô((€Ñ¥¹äµ±½‰ À¸È¸äè(€€€‘•Á•¹‘•¹¥•Ìè(€€€€€±½‰…±åé•Èè€À¸Ä¸À(€€€€€±½‰É•àè€À¸Ä¸È((€Ñ½¥‘•¹Ñ¥™¥•É Ä¸À¸Äèíô((€ÑÉ¥Á±”µ‰•…µ Ä¸Ð¸Äèíô((€ÑåÁ”µ¥Í È¸Ä¸Àè(€€€‘•Á•¹‘•¹¥•Ìè(€€€€€½¹Ñ•¹ÐµÑåÁ”è€È¸À¸À(€€€€€µ•‘¥„µÑåÁ•Èè€Ä¸Ä¸À(€€€€€µ¥µ”µÑåÁ•Ìè€Ì¸À¸È((€Õ¹¥Ù•ÉÍ…±¥™å È¸À¸Äèíô((€Õ¹¥àµ‘É…µ È¸À¸Øè(€€€‘•Á•¹‘•¹¥•Ìè(€€€€€‰¥¹‘¥¹Ìè€Ä¸Ô¸À(€€€€€¹…¸è€È¸Èà¸À(€€€½ÁÑ¥½¹…°èÑÉÕ”((€Õ¹Á¥Á• Ä¸À¸Àèíô((€ÕÑ¥°µ‘•ÁÉ•…Ñ• Ä¸À¸Èèíô((€Ù…Éå Ä¸Ä¸Èèíô((€Ý¡¥¡ È¸À¸Èè(€€€‘•Á•¹‘•¹¥•Ìè(€€€€€¥Í•á”è€È¸À¸À((€Ý¥¹ÍÑ½¸µ‘…¥±äµÉ½Ñ…Ñ”µ™¥±• Ô¸À¸À¡Ý¥¹ÍÑ½¹ Ì¸Ää¸À¤è(€€€‘•Á•¹‘•¹¥•Ìè(€€€€€™¥±”µÍÑÉ•…´µÉ½Ñ…Ñ½Èè€À¸Ø¸Ä(€€€€€½‰©•Ðµ¡…Í è€Ì¸À¸À(€€€€€ÑÉ¥Á±”µ‰•…´è€Ä¸Ð¸Ä(€€€€€Ý¥¹ÍÑ½¸è€Ì¸Ää¸À(€€€€€Ý¥¹ÍÑ½¸µÑÉ…¹ÍÁ½ÉÐè€Ð¸ä¸À((€Ý¥¹ÍÑ½¸µÍåÍ±½ È¸Ü¸Ä¡Ý¥¹ÍÑ½¹ Ì¸Ää¸À¤è(€€€‘•Á•¹‘•¹¥•Ìè(€€€€€±½ÍÍäè€À¸Ä¸Ü(€€€€€ÑÉ¥Á±”µ‰•…´è€Ä¸Ð¸Ä(€€€€€Ý¥¹ÍÑ½¸è€Ì¸Ää¸À(€€€€€Ý¥¹ÍÑ½¸µÑÉ…¹ÍÁ½ÉÐè€Ð¸ä¸À(€€€½ÁÑ¥½¹…±•Á•¹‘•¹¥•Ìè(€€€€€Õ¹¥àµ‘É…´è€È¸À¸Ø(€€€½ÁÑ¥½¹…°èÑÉÕ”((€Ý¥¹ÍÑ½¸µÑÉ…¹ÍÁ½ÉÑ Ð¸ä¸Àè(€€€‘•Á•¹‘•¹¥•Ìè(€€€€€±½™½É´è€È¸Ü¸À(€€€€€É•…‘…‰±”µÍÑÉ•…´è€Ì¸Ø¸È(€€€€€ÑÉ¥Á±”µ‰•…´è€Ä¸Ð¸Ä((€Ý¥¹ÍÑ½¹ Ì¸Ää¸Àè(€€€‘•Á•¹‘•¹¥•Ìè(€€€€€€½±½ÉÌ½½±½ÉÌœè€Ä¸Ø¸À(€€€€€€‘…‰ ½‘¥…¹½ÍÑ¥Ìœè€È¸À¸à(€€€€€…Íå¹Œè€Ì¸È¸Ø(€€€€€¥ÌµÍÑÉ•…´è€È¸À¸Ä(€€€€€±½™½É´è€È¸Ü¸À(€€€€€½¹”µÑ¥µ”è€Ä¸À¸À(€€€€€É•…‘…‰±”µÍÑÉ•…´è€Ì¸Ø¸È(€€€€€Í…™”µÍÑ…‰±”µÍÑÉ¥¹¥™äè€È¸Ô¸À(€€€€€ÍÑ…¬µÑÉ…”è€À¸À¸ÄÀ(€€€€€ÑÉ¥Á±”µ‰•…´è€Ä¸Ð¸Ä(€€€€€Ý¥¹ÍÑ½¸µÑÉ…¹ÍÁ½ÉÐè€Ð¸ä¸À((€ÝÉ…ÁÁå Ä¸À¸Èèíô(